{
  "name": "tsiram-422",
  "version": "0.0.1",
  "lockfileVersion": 1,
  "requires": true,
  "dependencies": {
    "@types/node": {
      "version": "13.13.42",
      "resolved": "https://registry.npmjs.org/@types/node/-/node-13.13.42.tgz",
      "integrity": "sha512-g+w2QgbW7k2CWLOXzQXbO37a7v5P9ObPvYahKphdBLV5aqpbVZRhTpWCT0SMRqX1i30Aig791ZmIM2fJGL2S8A==",
      "dev": true
    },
    "typescript": {
      "version": "3.9.9",
      "resolved": "https://registry.npmjs.org/typescript/-/typescript-3.9.9.tgz",
      "integrity": "sha512-kdMjTiekY+z/ubJCATUPlRDl39vXYiMV9iyeMuEuXZh2we6zz80uovNN2WlAxmmdE/Z/YQe+EbOEXB5RHEED3w==",
      "dev": true
    }
  }
}
